NeoBundleLock emmet-vim c7901281374eacc91da9f9db42d0d32cd89ad343
NeoBundleLock neobundle.vim 9a090ac0267e3825d892520e1ec8b195b9be8395
NeoBundleLock neocomplete-rsense.vim a8b7460a41eb96aa1c9e49b231dd95e216c8dc2d
NeoBundleLock neocomplete.vim d1cb4c57e5eb8b453b63432dcbcb45a15c0fd07e
NeoBundleLock rsense 2952a54972cf927d5419085d1867b65ff7ab0d41
NeoBundleLock vim-endwise f06abe3d6eca6f6ebfc31ea3163a51575f450df6
NeoBundleLock vim-ref 007b0ac409100cf2b83eb7dace5c8235e3737fef
NeoBundleLock vim-ref-ri e3a2dbb71af73bf15c9c2134cc3630edc60331eb
